{
  "name": "strands-service",
  "version": "1.0.0",
  "lockfileVersion": 3,
  "requires": true,
  "packages": {
    "": {
      "name": "strands-service",
      "version": "1.0.0",
      "license": "ISC",
      "dependencies": {
        "@strands-agents/sdk": "^1.20.0",
        "zod": "^4.6.5"
      }
    },
    "node_modules/@aws-sdk/client-bedrock-runtime": {
      "version": "3.1149.0",
      "resolved": "https://registry.npmjs.org/@aws-sdk/client-bedrock-runtime/-/client-bedrock-runtime-3.1149.0.tgz",
      "integrity": "sha512-FArzHL7gOVLDCuF9VeYNgzlR7l119+iIexadd8tRp+UZvEIGWzIt9rWvNnGxJsXK5Ga2MEdKCu9MvTn7q2vFHg==",
      "license": "Apache-2.0",
      "dependencies": {
        "@aws-sdk/core": "^3.978.2",
        "@aws-sdk/credential-provider-node": "^3.972.85",
        "@aws-sdk/eventstream-handler-node": "^3.972.36",
        "@aws-sdk/middleware-eventstream": "^3.972.31",
        "@aws-sdk/middleware-websocket": "^3.972.55",
        "@aws-sdk/token-providers": "3.1149.0",
        "@aws-sdk/types": "^3.974.6",
        "@smithy/core": "^3.35.2",
        "@smithy/fetch-http-handler": "^5.8.0",
        "@smithy/node-http-handler": "^4.12.1",
        "@smithy/types": "^4.19.0",
        "tslib": "^2.6.2"
      },
      "engines": {
        "node": ">=20.0.0"
      }
    },
    "node_modules/@aws-sdk/core": {
      "version": "3.978.2",
      "resolved": "https://registry.npmjs.org/@aws-sdk/core/-/core-3.978.2.tgz",
      "integrity": "sha512-ViOBLuGSSyPAmkKGJ6KJXtVN7MOEp3rnI7uH+kWxnHccvo8C9cvunEAnN5/oaZH1laQfsTBw7IOnmNkWlFZl2A==",
      "license": "Apache-2.0",
      "dependencies": {
        "@aws-sdk/types": "^3.974.6",
        "@aws-sdk/xml-builder": "^3.972.41",
        "@aws/lambda-invoke-store": "^0.3.0",
        "@smithy/core": "^3.35.2",
        "@smithy/signature-v4": "^5.7.4",
        "@smithy/types": "^4.19.0",
        "bowser": "^2.11.0",
        "tslib": "^2.6.2"
      },
      "engines": {
        "node": ">=20.0.0"
      }
    },
    "node_modules/@aws-sdk/credential-provider-env": {
      "version": "3.972.73",
      "resolved": "https://registry.npmjs.org/@aws-sdk/credential-provider-env/-/credential-provider-env-3.972.73.tgz",
      "integrity": "sha512-PxlFZiF5IPUsPnuVSqjM9jlmRwZhL0xx40ccWfZiLQS8TRnHQpegpK1uAidatWuEqbJtbbY97A2Sezikz2AMUw==",
      "license": "Apache-2.0",
      "dependencies": {
        "@aws-sdk/core": "^3.978.2",
        "@aws-sdk/types": "^3.974.6",
        "@smithy/core": "^3.35.2",
        "@smithy/types": "^4.19.0",
        "tslib": "^2.6.2"
      },
      "engines": {
        "node": ">=20.0.0"
      }
    },
    "node_modules/@aws-sdk/credential-provider-http": {
      "version": "3.972.75",
      "resolved": "https://registry.npmjs.org/@aws-sdk/credential-provider-http/-/credential-provider-http-3.972.75.tgz",
      "integrity": "sha512-Q/uIDy8eAVN7JgSKDg16F/f+hmNJj/ZyLJN8AkW2ofVdDgJVh8fO/A26iZ7YsvM2/k76hsf/u2lLAtyXsK8Ziw==",
      "license": "Apache-2.0",
      "dependencies": {
        "@aws-sdk/core": "^3.978.2",
        "@aws-sdk/types": "^3.974.6",
        "@smithy/core": "^3.35.2",
        "@smithy/fetch-http-handler": "^5.8.0",
        "@smithy/node-http-handler": "^4.12.1",
        "@smithy/types": "^4.19.0",
        "tslib": "^2.6.2"
      },
      "engines": {
        "node": ">=20.0.0"
      }
    },
    "node_modules/@aws-sdk/credential-provider-ini": {
      "version": "3.973.18",
      "resolved": "https://registry.npmjs.org/@aws-sdk/credential-provider-ini/-/credential-provider-ini-3.973.18.tgz",
      "integrity": "sha512-KoyjZ9vdjuxEQ8obAH06xKP8H0WKqGhwUZLMqAOiS7G0xgUAht4X8f0ASLC/vhNLCWGblZOD3VQHWyTROGJHLg==",
      "license": "Apache-2.0",
      "dependencies": {
        "@aws-sdk/core": "^3.978.2",
        "@aws-sdk/credential-provider-env": "^3.972.73",
        "@aws-sdk/credential-provider-http": "^3.972.75",
        "@aws-sdk/credential-provider-login": "^3.972.80",
        "@aws-sdk/credential-provider-process": "^3.972.73",
        "@aws-sdk/credential-provider-sso": "^3.973.17",
        "@aws-sdk/credential-provider-web-identity": "^3.972.79",
        "@aws-sdk/nested-clients": "^3.997.47",
        "@aws-sdk/types": "^3.974.6",
        "@smithy/core": "^3.35.2",
        "@smithy/credential-provider-imds": "^4.5.2",
        "@smithy/types": "^4.19.0",
        "tslib": "^2.6.2"
      },
      "engines": {
        "node": ">=20.0.0"
      }
    },
    "node_modules/@aws-sdk/credential-provider-login": {
      "version": "3.972.80",
      "resolved": "https://registry.npmjs.org/@aws-sdk/credential-provider-login/-/credential-provider-login-3.972.80.tgz",
      "integrity": "sha512-xF9A0gaO7k+1dYPFoo69OQatA9Ov0QuDZfqE8H0FLyIoOph+mlEC+I1Qo9UULupGuDfSYh+kVpfcDSxSYf/2fg==",
      "license": "Apache-2.0",
      "dependencies": {
        "@aws-sdk/core": "^3.978.2",
        "@aws-sdk/nested-clients": "^3.997.47",
        "@aws-sdk/types": "^3.974.6",
        "@smithy/core": "^3.35.2",
        "@smithy/types": "^4.19.0",
        "tslib": "^2.6.2"
      },
      "engines": {
        "node": ">=20.0.0"
      }
    },
    "node_modules/@aws-sdk/credential-provider-node": {
      "version": "3.972.85",
      "resolved": "https://registry.npmjs.org/@aws-sdk/credential-provider-node/-/credential-provider-node-3.972.85.tgz",
      "integrity": "sha512-CrFcML/xImiSlquH4W3V6Npz3aSkPXHDVciAU1JOBN0vqjmkcz9H9up2sCHQqN76J/WrT+TJ580L8h2joksQrg==",
      "license": "Apache-2.0",
      "dependencies": {
        "@aws-sdk/credential-provider-env": "^3.972.73",
        "@aws-sdk/credential-provider-http": "^3.972.75",
        "@aws-sdk/credential-provider-ini": "^3.973.18",
        "@aws-sdk/credential-provider-process": "^3.972.73",
        "@aws-sdk/credential-provider-sso": "^3.973.17",
        "@aws-sdk/credential-provider-web-identity": "^3.972.79",
        "@aws-sdk/types": "^3.974.6",
        "@smithy/core": "^3.35.2",
        "@smithy/credential-provider-imds": "^4.5.2",
        "@smithy/types": "^4.19.0",
        "tslib": "^2.6.2"
      },
      "engines": {
        "node": ">=20.0.0"
      }
    },
    "node_modules/@aws-sdk/credential-provider-process": {
      "version": "3.972.73",
      "resolved": "https://registry.npmjs.org/@aws-sdk/credential-provider-process/-/credential-provider-process-3.972.73.tgz",
      "integrity": "sha512-tyNnT4aVuOEXmKKKZPExBi828vRd9heshobBsKF0bov5EORHSJc1AGsHOMRP57sDt+dIuVASUOywaixiX26t4g==",
      "license": "Apache-2.0",
      "dependencies": {
        "@aws-sdk/core": "^3.978.2",
        "@aws-sdk/types": "^3.974.6",
        "@smithy/core": "^3.35.2",
        "@smithy/types": "^4.19.0",
        "tslib": "^2.6.2"
      },
      "engines": {
        "node": ">=20.0.0"
      }
    },
    "node_modules/@aws-sdk/credential-provider-sso": {
      "version": "3.973.17",
      "resolved": "https://registry.npmjs.org/@aws-sdk/credential-provider-sso/-/credential-provider-sso-3.973.17.tgz",
      "integrity": "sha512-gxKTWaUk2gSbBOH4m3NPRfEKcGXeDAOgHr7nNG5JktR1xZLo0R+DpMjbcleoHbB0uJREOG7hjIRE635IuBWsRQ==",
      "license": "Apache-2.0",
      "dependencies": {
        "@aws-sdk/core": "^3.978.2",
        "@aws-sdk/nested-clients": "^3.997.47",
        "@aws-sdk/token-providers": "3.1149.0",
        "@aws-sdk/types": "^3.974.6",
        "@smithy/core": "^3.35.2",
        "@smithy/types": "^4.19.0",
        "tslib": "^2.6.2"
      },
      "engines": {
        "node": ">=20.0.0"
      }
    },
    "node_modules/@aws-sdk/credential-provider-web-identity": {
      "version": "3.972.79",
      "resolved": "https://registry.npmjs.org/@aws-sdk/credential-provider-web-identity/-/credential-provider-web-identity-3.972.79.tgz",
      "integrity": "sha512-/jn0Gs/qm6fs6nTIA5yncHayybz42SATZ3rNxCEBYPJ9v69PLrDRgk07E9xTT2gpRcNmDXXbi27ZbuU06N0Z6Q==",
      "license": "Apache-2.0",
      "dependencies": {
        "@aws-sdk/core": "^3.978.2",
        "@aws-sdk/nested-clients": "^3.997.47",
        "@aws-sdk/types": "^3.974.6",
        "@smithy/core": "^3.35.2",
        "@smithy/types": "^4.19.0",
        "tslib": "^2.6.2"
      },
      "engines": {
        "node": ">=20.0.0"
      }
    },
    "node_modules/@aws-sdk/eventstream-handler-node": {
      "version": "3.972.36",
      "resolved": "https://registry.npmjs.org/@aws-sdk/eventstream-handler-node/-/eventstream-handler-node-3.972.36.tgz",
      "integrity": "sha512-HFaKXA6ugPVvpR7W/3UT3hylWIPndqGMwduwNVrmGsRT5+OESHN8/ven4eeofraQF5Kxp8A8QgGVrv7iQsTRKQ==",
      "license": "Apache-2.0",
      "dependencies": {
        "@aws-sdk/types": "^3.974.6",
        "@smithy/core": "^3.35.2",
        "@smithy/types": "^4.19.0",
        "tslib": "^2.6.2"
      },
      "engines": {
        "node": ">=20.0.0"
      }
    },
    "node_modules/@aws-sdk/middleware-eventstream": {
      "version": "3.972.31",
      "resolved": "https://registry.npmjs.org/@aws-sdk/middleware-eventstream/-/middleware-eventstream-3.972.31.tgz",
      "integrity": "sha512-4yvdTVwPGKCnrwuwlYEmwLqQXKwk0unx3f/FvBi4FA9ruK/WGoPJyqfK7hOYurheIyQL44FR0ovgOHqvkfdpAQ==",
      "license": "Apache-2.0",
      "dependencies": {
        "@aws-sdk/types": "^3.974.6",
        "@smithy/core": "^3.35.2",
        "@smithy/types": "^4.19.0",
        "tslib": "^2.6.2"
      },
      "engines": {
        "node": ">=20.0.0"
      }
    },
    "node_modules/@aws-sdk/middleware-websocket": {
      "version": "3.972.55",
      "resolved": "https://registry.npmjs.org/@aws-sdk/middleware-websocket/-/middleware-websocket-3.972.55.tgz",
      "integrity": "sha512-dHlEl3sCn1Cu+qddPoz5RxjgGCXEzs/pbrh/rDRaOeb/Tz//FF59hacDvy7kvUn19mkm2nQRjhpzBnX+Ye37Qw==",
      "license": "Apache-2.0",
      "dependencies": {
        "@aws-sdk/core": "^3.978.2",
        "@aws-sdk/types": "^3.974.6",
        "@smithy/core": "^3.35.2",
        "@smithy/fetch-http-handler": "^5.8.0",
        "@smithy/signature-v4": "^5.7.4",
        "@smithy/types": "^4.19.0",
        "tslib": "^2.6.2"
      },
      "engines": {
        "node": ">= 14.0.0"
      }
    },
    "node_modules/@aws-sdk/nested-clients": {
      "version": "3.997.47",
      "resolved": "https://registry.npmjs.org/@aws-sdk/nested-clients/-/nested-clients-3.997.47.tgz",
      "integrity": "sha512-bovCKvDsLocNTzaj6VrrMVJ2BGROqO0JlwcGseO67a+I9Bo+08nUJhSQfZUIx4+A4a7I4101GEJd/AYm7dQ68w==",
      "license": "Apache-2.0",
      "dependencies": {
        "@aws-sdk/core": "^3.978.2",
        "@aws-sdk/signature-v4-multi-region": "^3.996.48",
        "@aws-sdk/types": "^3.974.6",
        "@smithy/core": "^3.35.2",
        "@smithy/fetch-http-handler": "^5.8.0",
        "@smithy/node-http-handler": "^4.12.1",
        "@smithy/types": "^4.19.0",
        "tslib": "^2.6.2"
      },
      "engines": {
        "node": ">=20.0.0"
      }
    },
    "node_modules/@aws-sdk/signature-v4-multi-region": {
      "version": "3.996.48",
      "resolved": "https://registry.npmjs.org/@aws-sdk/signature-v4-multi-region/-/signature-v4-multi-region-3.996.48.tgz",
      "integrity": "sha512-cFDXfEbXaGwbnpvR/DyqfxfjxpjXVRVthQLgkwvcfDS5u3+8G9WSj1X1Ag/pTRg/QOeOno1Tq3ycEdrKsCUcOA==",
      "license": "Apache-2.0",
      "dependencies": {
        "@aws-sdk/types": "^3.974.6",
        "@smithy/signature-v4": "^5.7.4",
        "@smithy/types": "^4.19.0",
        "tslib": "^2.6.2"
      },
      "engines": {
        "node": ">=20.0.0"
      }
    },
    "node_modules/@aws-sdk/token-providers": {
      "version": "3.1149.0",
      "resolved": "https://registry.npmjs.org/@aws-sdk/token-providers/-/token-providers-3.1149.0.tgz",
      "integrity": "sha512-CAwYyA8eVk1w6h8YgLvkjIOakWPwURaUFrP7BRVgkxTFUM+O87thyKsGKJ6rVPbP8eoEV10cBWQ5YfaYl3qSVQ==",
      "license": "Apache-2.0",
      "dependencies": {
        "@aws-sdk/core": "^3.978.2",
        "@aws-sdk/nested-clients": "^3.997.47",
        "@aws-sdk/types": "^3.974.6",
        "@smithy/core": "^3.35.2",
        "@smithy/types": "^4.19.0",
        "tslib": "^2.6.2"
      },
      "engines": {
        "node": ">=20.0.0"
      }
    },
    "node_modules/@aws-sdk/types": {
      "version": "3.974.6",
      "resolved": "https://registry.npmjs.org/@aws-sdk/types/-/types-3.974.6.tgz",
      "integrity": "sha512-v/clNZzZnDxGyvpHMOGpJKVXFAExJzUNAAjaWGdcx8QAcXLGwTaOkw33p5SHAi0YAioK32xB3hWwOekRVfmfKg==",
      "license": "Apache-2.0",
      "dependencies": {
        "@smithy/types": "^4.19.0",
        "tslib": "^2.6.2"
      },
      "engines": {
        "node": ">=20.0.0"
      }
    },
    "node_modules/@aws-sdk/xml-builder": {
      "version": "3.972.41",
      "resolved": "https://registry.npmjs.org/@aws-sdk/xml-builder/-/xml-builder-3.972.41.tgz",
      "integrity": "sha512-ctjVSyCMegrWfXlx6VqzSBFI6UqmQ5ZlnfMhdLIiWmhoH8UAQxSCP5N3OpG7X3k4LnS7ou74C4mt20+bfTW2aQ==",
      "license": "Apache-2.0",
      "dependencies": {
        "@smithy/types": "^4.19.0",
        "tslib": "^2.6.2"
      },
      "engines": {
        "node": ">=20.0.0"
      }
    },
    "node_modules/@aws/lambda-invoke-store": {
      "version": "0.3.0",
      "resolved": "https://registry.npmjs.org/@aws/lambda-invoke-store/-/lambda-invoke-store-0.3.0.tgz",
      "integrity": "sha512-sl4Bm6yiMNYrZKkqqDFWN0UfnWhlS8ivKxrYl+6t0gCLrqr8y3B2IqZZbFRkfaVVp7C/baApyh71P+LeE1A2sQ==",
      "license": "Apache-2.0",
      "engines": {
        "node": ">=18.0.0"
      }
    },
    "node_modules/@modelcontextprotocol/client": {
      "version": "2.3.1",
      "resolved": "https://registry.npmjs.org/@modelcontextprotocol/client/-/client-2.3.1.tgz",
      "integrity": "sha512-mIGZXpHsjnZ6lD+gD/WCMpR5k8yVQQ8nNFH1N0Srf7AvnwTUMYD6pvTY8ng2+He5FfV7YMZLmrjL7cLa/cc3dQ==",
      "license": "Apache-2.0",
      "peer": true,
      "dependencies": {
        "@modelcontextprotocol/core": "2.3.1",
        "cross-spawn": "^7.0.5",
        "eventsource": "^3.0.2",
        "eventsource-parser": "^3.0.8",
        "jose": "^6.1.3",
        "pkce-challenge": "^5.0.0",
        "zod": "^4.2.0"
      },
      "engines": {
        "node": ">=20"
      }
    },
    "node_modules/@modelcontextprotocol/core": {
      "version": "2.3.1",
      "resolved": "https://registry.npmjs.org/@modelcontextprotocol/core/-/core-2.3.1.tgz",
      "integrity": "sha512-laVmIhPGpWi7rG9q+0UigblRN0Hws/Yjlb6qLFtVqryXVLkc4h+yN8z731POD2LnAGQlFe7/tXhUm7Bi0YB91g==",
      "license": "Apache-2.0",
      "peer": true,
      "dependencies": {
        "zod": "^4.2.0"
      },
      "engines": {
        "node": ">=20"
      }
    },
    "node_modules/@opentelemetry/api": {
      "version": "1.9.1",
      "resolved": "https://registry.npmjs.org/@opentelemetry/api/-/api-1.9.1.tgz",
      "integrity": "sha512-gLyJlPHPZYdAk1JENA9LeHejZe1Ti77/pTeFm/nMXmQH/HFZlcS/O2XJB+L8fkbrNSqhdtlvjBVjxwUYanNH5Q==",
      "license": "Apache-2.0",
      "peer": true,
      "engines": {
        "node": ">=8.0.0"
      }
    },
    "node_modules/@smithy/core": {
      "version": "3.35.2",
      "resolved": "https://registry.npmjs.org/@smithy/core/-/core-3.35.2.tgz",
      "integrity": "sha512-ejTukBuP/Pg3t9N8Ux+0zKsXeHWm7p6W3HbXFOyltKasSxZwCFmvTut7kBdZSCF3m9y1bXXyVu6p2xuMFcsTyQ==",
      "license": "Apache-2.0",
      "dependencies": {
        "@smithy/types": "^4.19.0",
        "tslib": "^2.6.2"
      },
      "engines": {
        "node": ">=18.0.0"
      }
    },
    "node_modules/@smithy/credential-provider-imds": {
      "version": "4.5.2",
      "resolved": "https://registry.npmjs.org/@smithy/credential-provider-imds/-/credential-provider-imds-4.5.2.tgz",
      "integrity": "sha512-A9uSdn72ozbRUSit0eib0TW7nXuNPlaeM0zcGkJ+nE6tFcSDbnmtwoxbTCFBukVQcszDAyvsd7+rTduPTXpygg==",
      "license": "Apache-2.0",
      "dependencies": {
        "@smithy/core": "^3.33.2",
        "@smithy/types": "^4.17.2",
        "tslib": "^2.6.2"
      },
      "engines": {
        "node": ">=18.0.0"
      }
    },
    "node_modules/@smithy/fetch-http-handler": {
      "version": "5.8.0",
      "resolved": "https://registry.npmjs.org/@smithy/fetch-http-handler/-/fetch-http-handler-5.8.0.tgz",
      "integrity": "sha512-ycSJu3tFAQ4v04CBB0agqFMVsSQ1iG3yw+SpgxRqKfaURpQD4CZ8Wn0zPMmSnOuTpTh65Vz+EA0rMrw089wvkA==",
      "license": "Apache-2.0",
      "dependencies": {
        "@smithy/core": "^3.33.3",
        "@smithy/types": "^4.18.0",
        "tslib": "^2.6.2"
      },
      "engines": {
        "node": ">=18.0.0"
      }
    },
    "node_modules/@smithy/node-http-handler": {
      "version": "4.12.1",
      "resolved": "https://registry.npmjs.org/@smithy/node-http-handler/-/node-http-handler-4.12.1.tgz",
      "integrity": "sha512-ThMkboGeONWXAelq9FvGsuJC4rOi+qyC4/zhUF58xYpxUg5sQKx2VXZYJmtNjr4dSuBJ1HeJXETQILCz3wOHvw==",
      "license": "Apache-2.0",
      "dependencies": {
        "@smithy/core": "^3.33.3",
        "@smithy/types": "^4.18.0",
        "tslib": "^2.6.2"
      },
      "engines": {
        "node": ">=18.0.0"
      }
    },
    "node_modules/@smithy/signature-v4": {
      "version": "5.7.4",
      "resolved": "https://registry.npmjs.org/@smithy/signature-v4/-/signature-v4-5.7.4.tgz",
      "integrity": "sha512-tHy0K0VtqNd5Y7Y41h0a0Lhh0L1GzC08dTWg0F7vRJWFtTENg7IZikf3wQkanYIRdb7ngoIPMTmqgUi401fEeQ==",
      "license": "Apache-2.0",
      "dependencies": {
        "@smithy/core": "^3.35.0",
        "@smithy/types": "^4.19.0",
        "tslib": "^2.6.2"
      },
      "engines": {
        "node": ">=18.0.0"
      }
    },
    "node_modules/@smithy/types": {
      "version": "4.19.0",
      "resolved": "https://registry.npmjs.org/@smithy/types/-/types-4.19.0.tgz",
      "integrity": "sha512-r7jh49VJxGerfAcTQA6gXcKc+98zOp/tqRwzYjgOE+iSQsP6cEU1hq2QzbuipmP68QtYdY9wKEhiCQZIzHgZ4Q==",
      "license": "Apache-2.0",
      "dependencies": {
        "tslib": "^2.6.2"
      },
      "engines": {
        "node": ">=18.0.0"
      }
    },
    "node_modules/@strands-agents/sdk": {
      "version": "1.20.0",
      "resolved": "https://registry.npmjs.org/@strands-agents/sdk/-/sdk-1.20.0.tgz",
      "integrity": "sha512-gTwkmfie5978/OClRhRGCAyK0Y8acZue4yW291z48LXhVNDm91ffhdL0OoqOiIaO4Qc+nKp5Ise3H90dBdoi5A==",
      "license": "Apache-2.0",
      "dependencies": {
        "@aws-sdk/client-bedrock-runtime": "^3.1132.0",
        "@smithy/fetch-http-handler": "^5.8.0",
        "@types/json-schema": "^7.0.15",
        "uuid": "^14.0.2",
        "yaml": "^2.9.1"
      },
      "engines": {
        "node": ">=22.0.0"
      },
      "peerDependencies": {
        "@a2a-js/sdk": "^0.3.10",
        "@ai-sdk/provider": "^3.0.0",
        "@anthropic-ai/sdk": "^0.109.1",
        "@aws-sdk/client-bedrock-agent": "^3.1078.0",
        "@aws-sdk/client-bedrock-agent-runtime": "^3.1078.0",
        "@aws-sdk/client-s3": "^3.1078.0",
        "@aws/bedrock-token-generator": "^1.1.0",
        "@cedar-policy/cedar-wasm": "^4.0.0",
        "@cedar-policy/mcp-schema-generator-wasm": "^0.6.0",
        "@google/genai": "^2.6.0",
        "@modelcontextprotocol/client": "^2.0.0",
        "@opentelemetry/api": "^1.9.0",
        "@opentelemetry/exporter-metrics-otlp-http": "^0.219.0",
        "@opentelemetry/exporter-trace-otlp-http": "^0.219.0",
        "@opentelemetry/resources": "^2.8.0",
        "@opentelemetry/sdk-metrics": "^2.6.1",
        "@opentelemetry/sdk-trace-base": "^2.6.1",
        "@opentelemetry/sdk-trace-node": "^2.6.1",
        "@smithy/types": "^4.15.1",
        "@tobilu/qmd": "^2.8.0",
        "express": "^5.1.0",
        "openai": "^6.45.0",
        "turndown": "^7.2.4",
        "zod": "^4.1.12"
      },
      "peerDependenciesMeta": {
        "@a2a-js/sdk": {
          "optional": true
        },
        "@ai-sdk/provider": {
          "optional": true
        },
        "@anthropic-ai/sdk": {
          "optional": true
        },
        "@aws-sdk/client-bedrock-agent": {
          "optional": true
        },
        "@aws-sdk/client-bedrock-agent-runtime": {
          "optional": true
        },
        "@aws-sdk/client-s3": {
          "optional": true
        },
        "@aws/bedrock-token-generator": {
          "optional": true
        },
        "@cedar-policy/cedar-wasm": {
          "optional": true
        },
        "@cedar-policy/mcp-schema-generator-wasm": {
          "optional": true
        },
        "@google/genai": {
          "optional": true
        },
        "@opentelemetry/exporter-metrics-otlp-http": {
          "optional": true
        },
        "@opentelemetry/exporter-trace-otlp-http": {
          "optional": true
        },
        "@opentelemetry/resources": {
          "optional": true
        },
        "@opentelemetry/sdk-metrics": {
          "optional": true
        },
        "@opentelemetry/sdk-trace-base": {
          "optional": true
        },
        "@opentelemetry/sdk-trace-node": {
          "optional": true
        },
        "@smithy/types": {
          "optional": true
        },
        "@tobilu/qmd": {
          "optional": true
        },
        "express": {
          "optional": true
        },
        "openai": {
          "optional": true
        },
        "turndown": {
          "optional": true
        }
      }
    },
    "node_modules/@types/json-schema": {
      "version": "7.0.15",
      "resolved": "https://registry.npmjs.org/@types/json-schema/-/json-schema-7.0.15.tgz",
      "integrity": "sha512-5+fP8P8MFNC+AyZCDxrB2pkZFPGzqQWUzpSeuuVLvm8VMcorNYavBqoFcxK8bQz4Qsbn4oUEEem4wDLfcysGHA==",
      "license": "MIT"
    },
    "node_modules/bowser": {
      "version": "2.14.1",
      "resolved": "https://registry.npmjs.org/bowser/-/bowser-2.14.1.tgz",
      "integrity": "sha512-tzPjzCxygAKWFOJP011oxFHs57HzIhOEracIgAePE4pqB3LikALKnSzUyU4MGs9/iCEUuHlAJTjTc5M+u7YEGg==",
      "license": "MIT"
    },
    "node_modules/cross-spawn": {
      "version": "7.0.6",
      "resolved": "https://registry.npmjs.org/cross-spawn/-/cross-spawn-7.0.6.tgz",
      "integrity": "sha512-uV2QOWP2nWzsy2aMp8aRibhi9dlzF5Hgh5SHaB9OiTGEyDTiJJyx0uy51QXdyWbtAHNua4XJzUKca3OzKUd3vA==",
      "license": "MIT",
      "peer": true,
      "dependencies": {
        "path-key": "^3.1.0",
        "shebang-command": "^2.0.0",
        "which": "^2.0.1"
      },
      "engines": {
        "node": ">= 8"
      }
    },
    "node_modules/eventsource": {
      "version": "3.0.7",
      "resolved": "https://registry.npmjs.org/eventsource/-/eventsource-3.0.7.tgz",
      "integrity": "sha512-CRT1WTyuQoD771GW56XEZFQ/ZoSfWid1alKGDYMmkt2yl8UXrVR4pspqWNEcqKvVIzg6PAltWjxcSSPrboA4iA==",
      "license": "MIT",
      "peer": true,
      "dependencies": {
        "eventsource-parser": "^3.0.1"
      },
      "engines": {
        "node": ">=18.0.0"
      }
    },
    "node_modules/eventsource-parser": {
      "version": "3.1.1",
      "resolved": "https://registry.npmjs.org/eventsource-parser/-/eventsource-parser-3.1.1.tgz",
      "integrity": "sha512-EKN1vKAMcZ8MlYMpaNuxN6R9yakzH6uajHcHVTqWJzvu5pWw9DyhbP35HH8MVBQ+dZjAfDxk+A8NiR9KWaXiyQ==",
      "license": "MIT",
      "peer": true,
      "engines": {
        "node": ">=18.0.0"
      }
    },
    "node_modules/isexe": {
      "version": "2.0.0",
      "resolved": "https://registry.npmjs.org/isexe/-/isexe-2.0.0.tgz",
      "integrity": "sha512-RHxMLp9lnKHGHRng9QFhRCMbYAcVpn69smSGcq3f36xjgVVWThj4qqLbTLlq7Ssj8B+fIQ1EuCEGI2lKsyQeIw==",
      "license": "ISC",
      "peer": true
    },
    "node_modules/jose": {
      "version": "6.2.12",
      "resolved": "https://registry.npmjs.org/jose/-/jose-6.2.12.tgz",
      "integrity": "sha512-9NiFmJEex0sy2Dk58j2UGBSHgUs2ypF9eZSu4L6vjOX3Dp96Sw1F3uL+H+D1sx02jZZdzUT0HgvCy59CuvXcWw==",
      "license": "MIT",
      "peer": true,
      "funding": {
        "url": "https://github.com/sponsors/panva"
      }
    },
    "node_modules/path-key": {
      "version": "3.1.1",
      "resolved": "https://registry.npmjs.org/path-key/-/path-key-3.1.1.tgz",
      "integrity": "sha512-ojmeN0qd+y0jszEtoY48r0Peq5dwMEkIlCOu6Q5f41lfkswXuKtYrhgoTpLnyIcHm24Uhqx+5Tqm2InSwLhE6Q==",
      "license": "MIT",
      "peer": true,
      "engines": {
        "node": ">=8"
      }
    },
    "node_modules/pkce-challenge": {
      "version": "5.0.1",
      "resolved": "https://registry.npmjs.org/pkce-challenge/-/pkce-challenge-5.0.1.tgz",
      "integrity": "sha512-wQ0b/W4Fr01qtpHlqSqspcj3EhBvimsdh0KlHhH8HRZnMsEa0ea2fTULOXOS9ccQr3om+GcGRk4e+isrZWV8qQ==",
      "license": "MIT",
      "peer": true,
      "engines": {
        "node": ">=16.20.0"
      }
    },
    "node_modules/shebang-command": {
      "version": "2.0.0",
      "resolved": "https://registry.npmjs.org/shebang-command/-/shebang-command-2.0.0.tgz",
      "integrity": "sha512-kHxr2zZpYtdmrN1qDjrrX/Z1rR1kG8Dx+gkpK1G4eXmvXswmcE1hTWBWYUzlraYw1/yZp6YuDY77YtvbN0dmDA==",
      "license": "MIT",
      "peer": true,
      "dependencies": {
        "shebang-regex": "^3.0.0"
      },
      "engines": {
        "node": ">=8"
      }
    },
    "node_modules/shebang-regex": {
      "version": "3.0.0",
      "resolved": "https://registry.npmjs.org/shebang-regex/-/shebang-regex-3.0.0.tgz",
      "integrity": "sha512-7++dFhtcx3353uBaq8DDR4NuxBetBzC7ZQOhmTQInHEd6bSrXdiEyzCvG07Z44UYdLShWUyXt5M/yhz8ekcb1A==",
      "license": "MIT",
      "peer": true,
      "engines": {
        "node": ">=8"
      }
    },
    "node_modules/tslib": {
      "version": "2.8.1",
      "resolved": "https://registry.npmjs.org/tslib/-/tslib-2.8.1.tgz",
      "integrity": "sha512-oJFu94HQb+KVduSUQL7wnpmqnfmLsOA/nAh6b6EH0wCEoK0/mPeXU6c3wKDV83MkOuHPRHtSXKKU99IBazS/2w==",
      "license": "0BSD"
    },
    "node_modules/uuid": {
      "version": "14.0.3",
      "resolved": "https://registry.npmjs.org/uuid/-/uuid-14.0.3.tgz",
      "integrity": "sha512-Sc5u1VVln93y1Xnz4R+CunOZc7R9LUcTmhj7Rc7Eg3HVcf7rVn2FOoa812fe0W8p3jD7xeoGSYbfqCGGH2B6xw==",
      "funding": [
        "https://github.com/sponsors/broofa",
        "https://github.com/sponsors/ctavan"
      ],
      "license": "MIT",
      "bin": {
        "uuid": "dist-node/bin/uuid"
      }
    },
    "node_modules/which": {
      "version": "2.0.2",
      "resolved": "https://registry.npmjs.org/which/-/which-2.0.2.tgz",
      "integrity": "sha512-BLI3Tl1TW3Pvl70l3yq3Y64i+awpwXqsGBYWkkqMtnbXgrMD+yj7rhW0kuEDxzJaYXGjEW5ogapKNMEKNMjibA==",
      "license": "ISC",
      "peer": true,
      "dependencies": {
        "isexe": "^2.0.0"
      },
      "bin": {
        "node-which": "bin/node-which"
      },
      "engines": {
        "node": ">= 8"
      }
    },
    "node_modules/yaml": {
      "version": "2.9.1",
      "resolved": "https://registry.npmjs.org/yaml/-/yaml-2.9.1.tgz",
      "integrity": "sha512-3NxN8+78OdzbT7C/WjGsyfPAtJaN3FNDsWxv7Y7mcDsT/oOmgW8BpyQQFFBnvZE3j9Y2Sdz1ULFLezL7Eb2yFw==",
      "license": "ISC",
      "bin": {
        "yaml": "bin.mjs"
      },
      "engines": {
        "node": ">= 14.6"
      },
      "funding": {
        "url": "https://github.com/sponsors/eemeli"
      }
    },
    "node_modules/zod": {
      "version": "4.6.5",
      "resolved": "https://registry.npmjs.org/zod/-/zod-4.6.5.tgz",
      "integrity": "sha512-v5l/aFXZQeai4awLbOpSoHecE9UiMrnfx75tEXLjNonXVARxQ5mOeipTjROUchszUNCqnE+hqAMujRsRHsut2Q==",
      "license": "MIT",
      "funding": {
        "url": "https://github.com/sponsors/colinhacks"
      }
    }
  }
}
